
Microsoft Visual Studio Solution File, Format Version 12.00
# Visual Studio 14
VisualStudioVersion = 14.0.25420.1
MinimumVisualStudioVersion = 10.0.40219.1
Project("{8BC9CEB8-8B4A-11D0-8D11-00A0C91BC942}") = "Bai01", "Lab05\Lab05.vcxproj", "{DC8FF7C1-A742-4B8F-8E0E-93231D8E43EC}"
EndProject
Project("{8BC9CEB8-8B4A-11D0-8D11-00A0C91BC942}") = "Bai02", "Bai02\Bai02.vcxproj", "{164B5AA9-D8BA-4EA2-88FB-8B8DE93599FD}"
EndProject
Project("{8BC9CEB8-8B4A-11D0-8D11-00A0C91BC942}") = "Bai03", "Bai03\Bai03.vcxproj", "{5F12369B-6569-4714-BA01-ED87B23AC7ED}"
EndProject
Global
	GlobalSection(SolutionConfigurationPlatforms) = preSolution
		Debug|x64 = Debug|x64
		Debug|x86 = Debug|x86
		Release|x64 = Release|x64
		Release|x86 = Release|x86
	EndGlobalSection
	GlobalSection(ProjectConfigurationPlatforms) = postSolution
		{DC8FF7C1-A742-4B8F-8E0E-93231D8E43EC}.Debug|x64.ActiveCfg = Debug|x64
		{DC8FF7C1-A742-4B8F-8E0E-93231D8E43EC}.Debug|x64.Build.0 = Debug|x64
		{DC8FF7C1-A742-4B8F-8E0E-93231D8E43EC}.Debug|x86.ActiveCfg = Debug|Win32
		{DC8FF7C1-A742-4B8F-8E0E-93231D8E43EC}.Debug|x86.Build.0 = Debug|Win32
		{DC8FF7C1-A742-4B8F-8E0E-93231D8E43EC}.Release|x64.ActiveCfg = Release|x64
		{DC8FF7C1-A742-4B8F-8E0E-93231D8E43EC}.Release|x64.Build.0 = Release|x64
		{DC8FF7C1-A742-4B8F-8E0E-93231D8E43EC}.Release|x86.ActiveCfg = Release|Win32
		{DC8FF7C1-A742-4B8F-8E0E-93231D8E43EC}.Release|x86.Build.0 = Release|Win32
		{164B5AA9-D8BA-4EA2-88FB-8B8DE93599FD}.Debug|x64.ActiveCfg = Debug|x64
		{164B5AA9-D8BA-4EA2-88FB-8B8DE93599FD}.Debug|x64.Build.0 = Debug|x64
		{164B5AA9-D8BA-4EA2-88FB-8B8DE93599FD}.Debug|x86.ActiveCfg = Debug|Win32
		{164B5AA9-D8BA-4EA2-88FB-8B8DE93599FD}.Debug|x86.Build.0 = Debug|Win32
		{164B5AA9-D8BA-4EA2-88FB-8B8DE93599FD}.Release|x64.ActiveCfg = Release|x64
		{164B5AA9-D8BA-4EA2-88FB-8B8DE93599FD}.Release|x64.Build.0 = Release|x64
		{164B5AA9-D8BA-4EA2-88FB-8B8DE93599FD}.Release|x86.ActiveCfg = Release|Win32
		{164B5AA9-D8BA-4EA2-88FB-8B8DE93599FD}.Release|x86.Build.0 = Release|Win32
		{5F12369B-6569-4714-BA01-ED87B23AC7ED}.Debug|x64.ActiveCfg = Debug|x64
		{5F12369B-6569-4714-BA01-ED87B23AC7ED}.Debug|x64.Build.0 = Debug|x64
		{5F12369B-6569-4714-BA01-ED87B23AC7ED}.Debug|x86.ActiveCfg = Debug|Win32
		{5F12369B-6569-4714-BA01-ED87B23AC7ED}.Debug|x86.Build.0 = Debug|Win32
		{5F12369B-6569-4714-BA01-ED87B23AC7ED}.Release|x64.ActiveCfg = Release|x64
		{5F12369B-6569-4714-BA01-ED87B23AC7ED}.Release|x64.Build.0 = Release|x64
		{5F12369B-6569-4714-BA01-ED87B23AC7ED}.Release|x86.ActiveCfg = Release|Win32
		{5F12369B-6569-4714-BA01-ED87B23AC7ED}.Release|x86.Build.0 = Release|Win32
	EndGlobalSection
	GlobalSection(SolutionProperties) = preSolution
		HideSolutionNode = FALSE
	EndGlobalSection
EndGlobal
